
Microsoft Visual Studio Solution File, Format Version 12.00
# Visual Studio Version 17
VisualStudioVersion = 17.7.34009.444
MinimumVisualStudioVersion = 10.0.40219.1
Project("{FAE04EC0-301F-11D3-BF4B-00C04F79EFBC}") = "BasicCalculator", "BasicCalculator.csproj", "{5809B108-B31F-4140-910B-6C87079313D4}"
EndProject
Global
	GlobalSection(SolutionConfigurationPlatforms) = preSolution
		Debug|Any CPU = Debug|Any CPU
		Release|Any CPU = Release|Any CPU
	EndGlobalSection
	GlobalSection(ProjectConfigurationPlatforms) = postSolution
		{5809B108-B31F-4140-910B-6C87079313D4}.Debug|Any CPU.ActiveCfg = Debug|Any CPU
		{5809B108-B31F-4140-910B-6C87079313D4}.Debug|Any CPU.Build.0 = Debug|Any CPU
		{5809B108-B31F-4140-910B-6C87079313D4}.Release|Any CPU.ActiveCfg = Release|Any CPU
		{5809B108-B31F-4140-910B-6C87079313D4}.Release|Any CPU.Build.0 = Release|Any CPU
	EndGlobalSection
	GlobalSection(SolutionProperties) = preSolution
		HideSolutionNode = FALSE
	EndGlobalSection
	GlobalSection(ExtensibilityGlobals) = postSolution
		SolutionGuid = {ACBDE70E-4E5C-4213-B25E-3071C2B676BF}
	EndGlobalSection
EndGlobal
